
Microsoft Visual Studio Solution File, Format Version 12.00
# Visual Studio 14
VisualStudioVersion = 14.0.25420.1
MinimumVisualStudioVersion = 10.0.40219.1
Project("{FAE04EC0-301F-11D3-BF4B-00C04F79EFBC}") = "JewelShopModel", "JewelShopModel\JewelShopModel.csproj", "{DDB938AB-351B-485B-8666-D3394D9231A4}"
EndProject
Project("{FAE04EC0-301F-11D3-BF4B-00C04F79EFBC}") = "JewelShopService", "JewelShopService\JewelShopService.csproj", "{22B85398-E965-490E-B128-BA48690524A2}"
EndProject
Project("{FAE04EC0-301F-11D3-BF4B-00C04F79EFBC}") = "JewelShopView", "JewelShopView\JewelShopView.csproj", "{5BDE5330-70B8-4E0B-B2C6-2D8962720092}"
EndProject
Project("{FAE04EC0-301F-11D3-BF4B-00C04F79EFBC}") = "JewelShopRestApi", "JewelShopRestApi\JewelShopRestApi.csproj", "{5C3434BA-313C-4D13-BC95-861EB4E9160B}"
EndProject
Global
	GlobalSection(SolutionConfigurationPlatforms) = preSolution
		Debug|Any CPU = Debug|Any CPU
		Release|Any CPU = Release|Any CPU
	EndGlobalSection
	GlobalSection(ProjectConfigurationPlatforms) = postSolution
		{DDB938AB-351B-485B-8666-D3394D9231A4}.Debug|Any CPU.ActiveCfg = Debug|Any CPU
		{DDB938AB-351B-485B-8666-D3394D9231A4}.Debug|Any CPU.Build.0 = Debug|Any CPU
		{DDB938AB-351B-485B-8666-D3394D9231A4}.Release|Any CPU.ActiveCfg = Release|Any CPU
		{DDB938AB-351B-485B-8666-D3394D9231A4}.Release|Any CPU.Build.0 = Release|Any CPU
		{22B85398-E965-490E-B128-BA48690524A2}.Debug|Any CPU.ActiveCfg = Debug|Any CPU
		{22B85398-E965-490E-B128-BA48690524A2}.Debug|Any CPU.Build.0 = Debug|Any CPU
		{22B85398-E965-490E-B128-BA48690524A2}.Release|Any CPU.ActiveCfg = Release|Any CPU
		{22B85398-E965-490E-B128-BA48690524A2}.Release|Any CPU.Build.0 = Release|Any CPU
		{5BDE5330-70B8-4E0B-B2C6-2D8962720092}.Debug|Any CPU.ActiveCfg = Debug|Any CPU
		{5BDE5330-70B8-4E0B-B2C6-2D8962720092}.Debug|Any CPU.Build.0 = Debug|Any CPU
		{5BDE5330-70B8-4E0B-B2C6-2D8962720092}.Release|Any CPU.ActiveCfg = Release|Any CPU
		{5BDE5330-70B8-4E0B-B2C6-2D8962720092}.Release|Any CPU.Build.0 = Release|Any CPU
		{5C3434BA-313C-4D13-BC95-861EB4E9160B}.Debug|Any CPU.ActiveCfg = Debug|Any CPU
		{5C3434BA-313C-4D13-BC95-861EB4E9160B}.Debug|Any CPU.Build.0 = Debug|Any CPU
		{5C3434BA-313C-4D13-BC95-861EB4E9160B}.Release|Any CPU.ActiveCfg = Release|Any CPU
		{5C3434BA-313C-4D13-BC95-861EB4E9160B}.Release|Any CPU.Build.0 = Release|Any CPU
	EndGlobalSection
	GlobalSection(SolutionProperties) = preSolution
		HideSolutionNode = FALSE
	EndGlobalSection
EndGlobal
